
Microsoft Visual Studio Solution File, Format Version 12.00
# Visual Studio Version 17
VisualStudioVersion = 17.8.34330.188
MinimumVisualStudioVersion = 10.0.40219.1
Project("{9A19103F-16F7-4668-BE54-9A1E7A4F7556}") = "Northwind.Common", "Northwind.Common\Northwind.Common.csproj", "{BD4CDC3D-5600-45C6-A3EE-45210D65DF5C}"
EndProject
Project("{9A19103F-16F7-4668-BE54-9A1E7A4F7556}") = "Northwind.SignalR.Client.Console", "Northwind.SignalR.Client.Console\Northwind.SignalR.Client.Console.csproj", "{6FF886BA-414A-460A-9140-D45C5D4BB1FA}"
EndProject
Project("{9A19103F-16F7-4668-BE54-9A1E7A4F7556}") = "Northwind.SignalR.Client.Console.Streams", "Northwind.SignalR.Client.Console.Streams\Northwind.SignalR.Client.Console.Streams.csproj", "{D2D8B3C8-2C4D-4E17-8BFA-B33F56C6277D}"
EndProject
Project("{9A19103F-16F7-4668-BE54-9A1E7A4F7556}") = "Northwind.SignalR.Service.Client.Mvc", "Northwind.SignalR.Service.Client.Mvc\Northwind.SignalR.Service.Client.Mvc.csproj", "{366D85C1-4ADD-432B-AB99-CA5554D3B77F}"
EndProject
Global
	GlobalSection(SolutionConfigurationPlatforms) = preSolution
		Debug|Any CPU = Debug|Any CPU
		Release|Any CPU = Release|Any CPU
	EndGlobalSection
	GlobalSection(ProjectConfigurationPlatforms) = postSolution
		{BD4CDC3D-5600-45C6-A3EE-45210D65DF5C}.Debug|Any CPU.ActiveCfg = Debug|Any CPU
		{BD4CDC3D-5600-45C6-A3EE-45210D65DF5C}.Debug|Any CPU.Build.0 = Debug|Any CPU
		{BD4CDC3D-5600-45C6-A3EE-45210D65DF5C}.Release|Any CPU.ActiveCfg = Release|Any CPU
		{BD4CDC3D-5600-45C6-A3EE-45210D65DF5C}.Release|Any CPU.Build.0 = Release|Any CPU
		{6FF886BA-414A-460A-9140-D45C5D4BB1FA}.Debug|Any CPU.ActiveCfg = Debug|Any CPU
		{6FF886BA-414A-460A-9140-D45C5D4BB1FA}.Debug|Any CPU.Build.0 = Debug|Any CPU
		{6FF886BA-414A-460A-9140-D45C5D4BB1FA}.Release|Any CPU.ActiveCfg = Release|Any CPU
		{6FF886BA-414A-460A-9140-D45C5D4BB1FA}.Release|Any CPU.Build.0 = Release|Any CPU
		{D2D8B3C8-2C4D-4E17-8BFA-B33F56C6277D}.Debug|Any CPU.ActiveCfg = Debug|Any CPU
		{D2D8B3C8-2C4D-4E17-8BFA-B33F56C6277D}.Debug|Any CPU.Build.0 = Debug|Any CPU
		{D2D8B3C8-2C4D-4E17-8BFA-B33F56C6277D}.Release|Any CPU.ActiveCfg = Release|Any CPU
		{D2D8B3C8-2C4D-4E17-8BFA-B33F56C6277D}.Release|Any CPU.Build.0 = Release|Any CPU
		{366D85C1-4ADD-432B-AB99-CA5554D3B77F}.Debug|Any CPU.ActiveCfg = Debug|Any CPU
		{366D85C1-4ADD-432B-AB99-CA5554D3B77F}.Debug|Any CPU.Build.0 = Debug|Any CPU
		{366D85C1-4ADD-432B-AB99-CA5554D3B77F}.Release|Any CPU.ActiveCfg = Release|Any CPU
		{366D85C1-4ADD-432B-AB99-CA5554D3B77F}.Release|Any CPU.Build.0 = Release|Any CPU
	EndGlobalSection
	GlobalSection(SolutionProperties) = preSolution
		HideSolutionNode = FALSE
	EndGlobalSection
	GlobalSection(ExtensibilityGlobals) = postSolution
		SolutionGuid = {1972A1C7-7529-46FF-8D6E-0D2C4E0BAB6F}
	EndGlobalSection
EndGlobal
